
Microsoft Visual Studio Solution File, Format Version 12.00
# Visual Studio Version 17
VisualStudioVersion = 17.12.35527.113 d17.12
MinimumVisualStudioVersion = 10.0.40219.1
Project("{FAE04EC0-301F-11D3-BF4B-00C04F79EFBC}") = "Cosmetic.APIServices", "Cosmetic.APIServices\Cosmetic.APIServices.csproj", "{19BD43D4-8ADA-4404-A9FE-B3BC3343634D}"
EndProject
Project("{FAE04EC0-301F-11D3-BF4B-00C04F79EFBC}") = "Cosmetic.Clients.MVC", "Cosmetic.Clients.MVC\Cosmetic.Clients.MVC.csproj", "{3D82B7DD-FAEA-49AF-A121-E9926DDA10F1}"
EndProject
Project("{FAE04EC0-301F-11D3-BF4B-00C04F79EFBC}") = "Cosmetic.Repositories", "Cosmetic.Repositories\Cosmetic.Repositories.csproj", "{C7A0C140-5703-4F58-A711-D503DF3389F2}"
EndProject
Project("{FAE04EC0-301F-11D3-BF4B-00C04F79EFBC}") = "Cosmetic.Services", "Cosmetic.Services\Cosmetic.Services.csproj", "{49DD5CBA-E3FF-4A63-A56E-B9E0E2074367}"
EndProject
Global
	GlobalSection(SolutionConfigurationPlatforms) = preSolution
		Debug|Any CPU = Debug|Any CPU
		Release|Any CPU = Release|Any CPU
	EndGlobalSection
	GlobalSection(ProjectConfigurationPlatforms) = postSolution
		{19BD43D4-8ADA-4404-A9FE-B3BC3343634D}.Debug|Any CPU.ActiveCfg = Debug|Any CPU
		{19BD43D4-8ADA-4404-A9FE-B3BC3343634D}.Debug|Any CPU.Build.0 = Debug|Any CPU
		{19BD43D4-8ADA-4404-A9FE-B3BC3343634D}.Release|Any CPU.ActiveCfg = Release|Any CPU
		{19BD43D4-8ADA-4404-A9FE-B3BC3343634D}.Release|Any CPU.Build.0 = Release|Any CPU
		{3D82B7DD-FAEA-49AF-A121-E9926DDA10F1}.Debug|Any CPU.ActiveCfg = Debug|Any CPU
		{3D82B7DD-FAEA-49AF-A121-E9926DDA10F1}.Debug|Any CPU.Build.0 = Debug|Any CPU
		{3D82B7DD-FAEA-49AF-A121-E9926DDA10F1}.Release|Any CPU.ActiveCfg = Release|Any CPU
		{3D82B7DD-FAEA-49AF-A121-E9926DDA10F1}.Release|Any CPU.Build.0 = Release|Any CPU
		{C7A0C140-5703-4F58-A711-D503DF3389F2}.Debug|Any CPU.ActiveCfg = Debug|Any CPU
		{C7A0C140-5703-4F58-A711-D503DF3389F2}.Debug|Any CPU.Build.0 = Debug|Any CPU
		{C7A0C140-5703-4F58-A711-D503DF3389F2}.Release|Any CPU.ActiveCfg = Release|Any CPU
		{C7A0C140-5703-4F58-A711-D503DF3389F2}.Release|Any CPU.Build.0 = Release|Any CPU
		{49DD5CBA-E3FF-4A63-A56E-B9E0E2074367}.Debug|Any CPU.ActiveCfg = Debug|Any CPU
		{49DD5CBA-E3FF-4A63-A56E-B9E0E2074367}.Debug|Any CPU.Build.0 = Debug|Any CPU
		{49DD5CBA-E3FF-4A63-A56E-B9E0E2074367}.Release|Any CPU.ActiveCfg = Release|Any CPU
		{49DD5CBA-E3FF-4A63-A56E-B9E0E2074367}.Release|Any CPU.Build.0 = Release|Any CPU
	EndGlobalSection
	GlobalSection(SolutionProperties) = preSolution
		HideSolutionNode = FALSE
	EndGlobalSection
EndGlobal
