
Microsoft Visual Studio Solution File, Format Version 12.00
# Visual Studio Version 17
VisualStudioVersion = 17.13.35828.75 d17.13
MinimumVisualStudioVersion = 10.0.40219.1
Project("{FAE04EC0-301F-11D3-BF4B-00C04F79EFBC}") = "SCBS.Repositories", "SCBS.Repositories\SCBS.Repositories.csproj", "{138AA727-33B9-3B92-63A8-6B3C43903364}"
EndProject
Project("{FAE04EC0-301F-11D3-BF4B-00C04F79EFBC}") = "SCBS.Services", "SCBS.Services\SCBS.Services.csproj", "{F287A30D-CE46-D1E0-D77B-2DDD27260CEF}"
EndProject
Project("{FAE04EC0-301F-11D3-BF4B-00C04F79EFBC}") = "SCBS.SoapApiServices", "SCBS.SoapApiServices\SCBS.SoapApiServices.csproj", "{F3811217-7FAF-4A2D-B698-A92C5C8DA763}"
EndProject
Project("{FAE04EC0-301F-11D3-BF4B-00C04F79EFBC}") = "SCBS.SoapClients.MVC", "SCBS.SoapClients.MVC\SCBS.SoapClients.MVC.csproj", "{EFA8D41F-72CF-4B4A-A3D7-8BA80F91ACDE}"
EndProject
Global
	GlobalSection(SolutionConfigurationPlatforms) = preSolution
		Debug|Any CPU = Debug|Any CPU
		Release|Any CPU = Release|Any CPU
	EndGlobalSection
	GlobalSection(ProjectConfigurationPlatforms) = postSolution
		{138AA727-33B9-3B92-63A8-6B3C43903364}.Debug|Any CPU.ActiveCfg = Debug|Any CPU
		{138AA727-33B9-3B92-63A8-6B3C43903364}.Debug|Any CPU.Build.0 = Debug|Any CPU
		{138AA727-33B9-3B92-63A8-6B3C43903364}.Release|Any CPU.ActiveCfg = Release|Any CPU
		{138AA727-33B9-3B92-63A8-6B3C43903364}.Release|Any CPU.Build.0 = Release|Any CPU
		{F287A30D-CE46-D1E0-D77B-2DDD27260CEF}.Debug|Any CPU.ActiveCfg = Debug|Any CPU
		{F287A30D-CE46-D1E0-D77B-2DDD27260CEF}.Debug|Any CPU.Build.0 = Debug|Any CPU
		{F287A30D-CE46-D1E0-D77B-2DDD27260CEF}.Release|Any CPU.ActiveCfg = Release|Any CPU
		{F287A30D-CE46-D1E0-D77B-2DDD27260CEF}.Release|Any CPU.Build.0 = Release|Any CPU
		{F3811217-7FAF-4A2D-B698-A92C5C8DA763}.Debug|Any CPU.ActiveCfg = Debug|Any CPU
		{F3811217-7FAF-4A2D-B698-A92C5C8DA763}.Debug|Any CPU.Build.0 = Debug|Any CPU
		{F3811217-7FAF-4A2D-B698-A92C5C8DA763}.Release|Any CPU.ActiveCfg = Release|Any CPU
		{F3811217-7FAF-4A2D-B698-A92C5C8DA763}.Release|Any CPU.Build.0 = Release|Any CPU
		{EFA8D41F-72CF-4B4A-A3D7-8BA80F91ACDE}.Debug|Any CPU.ActiveCfg = Debug|Any CPU
		{EFA8D41F-72CF-4B4A-A3D7-8BA80F91ACDE}.Debug|Any CPU.Build.0 = Debug|Any CPU
		{EFA8D41F-72CF-4B4A-A3D7-8BA80F91ACDE}.Release|Any CPU.ActiveCfg = Release|Any CPU
		{EFA8D41F-72CF-4B4A-A3D7-8BA80F91ACDE}.Release|Any CPU.Build.0 = Release|Any CPU
	EndGlobalSection
	GlobalSection(SolutionProperties) = preSolution
		HideSolutionNode = FALSE
	EndGlobalSection
	GlobalSection(ExtensibilityGlobals) = postSolution
		SolutionGuid = {3EE89DBA-5B3C-4E57-8A80-72E0D69D0116}
	EndGlobalSection
EndGlobal
